
Microsoft Visual Studio Solution File, Format Version 12.00
# Visual Studio Version 17
VisualStudioVersion = 17.13.36105.23 d17.13
MinimumVisualStudioVersion = 10.0.40219.1
Project("{FAE04EC0-301F-11D3-BF4B-00C04F79EFBC}") = "FreeSpinsGame.WebApi", "FreeSpinsGame.WebApi\FreeSpinsGame.WebApi.csproj", "{531B9568-063A-4495-834A-D6CE524E0063}"
EndProject
Project("{2150E333-8FDC-42A3-9474-1A3956D46DE8}") = "Web", "Web", "{02EA681E-C7D8-13C7-8484-4AC65E1B71E8}"
EndProject
Project("{2150E333-8FDC-42A3-9474-1A3956D46DE8}") = "Common", "Common", "{F56DA0B8-1767-4F40-893A-B7402E772BBE}"
EndProject
Project("{FAE04EC0-301F-11D3-BF4B-00C04F79EFBC}") = "FreeSpinsGame.Common", "FreeSpinsGame.Common\FreeSpinsGame.Common.csproj", "{4A3E8664-9EEF-4ED7-A6D8-8DB3BF6C6DA1}"
EndProject
Project("{2150E333-8FDC-42A3-9474-1A3956D46DE8}") = "Data", "Data", "{0ED75FF5-62DE-4CAE-882C-3306D4DED13C}"
EndProject
Project("{FAE04EC0-301F-11D3-BF4B-00C04F79EFBC}") = "FreeSpinsGame.Data", "FreeSpinsGame.Data\FreeSpinsGame.Data.csproj", "{00641ACF-CF11-4088-8F84-8B157FC799C5}"
EndProject
Project("{FAE04EC0-301F-11D3-BF4B-00C04F79EFBC}") = "FreeSpinsGame.Data.Models", "FreeSpinsGame.Data.Models\FreeSpinsGame.Data.Models.csproj", "{06E287EE-5538-437F-AC2A-9F6850FE43C7}"
EndProject
Project("{2150E333-8FDC-42A3-9474-1A3956D46DE8}") = "Services", "Services", "{E713A44F-84A4-425F-B12A-EB56C13EB100}"
EndProject
Project("{FAE04EC0-301F-11D3-BF4B-00C04F79EFBC}") = "FreeSpinsGame.Services", "FreeSpinsGame.Services\FreeSpinsGame.Services.csproj", "{E66DB075-CBFA-423D-BEDC-8AD5E7D15456}"
EndProject
Project("{FAE04EC0-301F-11D3-BF4B-00C04F79EFBC}") = "FreeSpinsGame.WebApi.DtoModels", "FreeSpinsGame.WebApi.DtoModels\FreeSpinsGame.WebApi.DtoModels.csproj", "{BFFC53C1-CCC4-4DE3-9333-96CCE528370C}"
EndProject
Global
	GlobalSection(SolutionConfigurationPlatforms) = preSolution
		Debug|Any CPU = Debug|Any CPU
		Release|Any CPU = Release|Any CPU
	EndGlobalSection
	GlobalSection(ProjectConfigurationPlatforms) = postSolution
		{531B9568-063A-4495-834A-D6CE524E0063}.Debug|Any CPU.ActiveCfg = Debug|Any CPU
		{531B9568-063A-4495-834A-D6CE524E0063}.Debug|Any CPU.Build.0 = Debug|Any CPU
		{531B9568-063A-4495-834A-D6CE524E0063}.Release|Any CPU.ActiveCfg = Release|Any CPU
		{531B9568-063A-4495-834A-D6CE524E0063}.Release|Any CPU.Build.0 = Release|Any CPU
		{4A3E8664-9EEF-4ED7-A6D8-8DB3BF6C6DA1}.Debug|Any CPU.ActiveCfg = Debug|Any CPU
		{4A3E8664-9EEF-4ED7-A6D8-8DB3BF6C6DA1}.Debug|Any CPU.Build.0 = Debug|Any CPU
		{4A3E8664-9EEF-4ED7-A6D8-8DB3BF6C6DA1}.Release|Any CPU.ActiveCfg = Release|Any CPU
		{4A3E8664-9EEF-4ED7-A6D8-8DB3BF6C6DA1}.Release|Any CPU.Build.0 = Release|Any CPU
		{00641ACF-CF11-4088-8F84-8B157FC799C5}.Debug|Any CPU.ActiveCfg = Debug|Any CPU
		{00641ACF-CF11-4088-8F84-8B157FC799C5}.Debug|Any CPU.Build.0 = Debug|Any CPU
		{00641ACF-CF11-4088-8F84-8B157FC799C5}.Release|Any CPU.ActiveCfg = Release|Any CPU
		{00641ACF-CF11-4088-8F84-8B157FC799C5}.Release|Any CPU.Build.0 = Release|Any CPU
		{06E287EE-5538-437F-AC2A-9F6850FE43C7}.Debug|Any CPU.ActiveCfg = Debug|Any CPU
		{06E287EE-5538-437F-AC2A-9F6850FE43C7}.Debug|Any CPU.Build.0 = Debug|Any CPU
		{06E287EE-5538-437F-AC2A-9F6850FE43C7}.Release|Any CPU.ActiveCfg = Release|Any CPU
		{06E287EE-5538-437F-AC2A-9F6850FE43C7}.Release|Any CPU.Build.0 = Release|Any CPU
		{E66DB075-CBFA-423D-BEDC-8AD5E7D15456}.Debug|Any CPU.ActiveCfg = Debug|Any CPU
		{E66DB075-CBFA-423D-BEDC-8AD5E7D15456}.Debug|Any CPU.Build.0 = Debug|Any CPU
		{E66DB075-CBFA-423D-BEDC-8AD5E7D15456}.Release|Any CPU.ActiveCfg = Release|Any CPU
		{E66DB075-CBFA-423D-BEDC-8AD5E7D15456}.Release|Any CPU.Build.0 = Release|Any CPU
		{BFFC53C1-CCC4-4DE3-9333-96CCE528370C}.Debug|Any CPU.ActiveCfg = Debug|Any CPU
		{BFFC53C1-CCC4-4DE3-9333-96CCE528370C}.Debug|Any CPU.Build.0 = Debug|Any CPU
		{BFFC53C1-CCC4-4DE3-9333-96CCE528370C}.Release|Any CPU.ActiveCfg = Release|Any CPU
		{BFFC53C1-CCC4-4DE3-9333-96CCE528370C}.Release|Any CPU.Build.0 = Release|Any CPU
	EndGlobalSection
	GlobalSection(SolutionProperties) = preSolution
		HideSolutionNode = FALSE
	EndGlobalSection
	GlobalSection(NestedProjects) = preSolution
		{531B9568-063A-4495-834A-D6CE524E0063} = {02EA681E-C7D8-13C7-8484-4AC65E1B71E8}
		{4A3E8664-9EEF-4ED7-A6D8-8DB3BF6C6DA1} = {F56DA0B8-1767-4F40-893A-B7402E772BBE}
		{00641ACF-CF11-4088-8F84-8B157FC799C5} = {0ED75FF5-62DE-4CAE-882C-3306D4DED13C}
		{06E287EE-5538-437F-AC2A-9F6850FE43C7} = {0ED75FF5-62DE-4CAE-882C-3306D4DED13C}
		{E66DB075-CBFA-423D-BEDC-8AD5E7D15456} = {E713A44F-84A4-425F-B12A-EB56C13EB100}
		{BFFC53C1-CCC4-4DE3-9333-96CCE528370C} = {02EA681E-C7D8-13C7-8484-4AC65E1B71E8}
	EndGlobalSection
	GlobalSection(ExtensibilityGlobals) = postSolution
		SolutionGuid = {974A44F8-7262-435A-9040-C71D4140A69B}
	EndGlobalSection
EndGlobal
